
Microsoft Visual Studio Solution File, Format Version 12.00
# Visual Studio Version 17
VisualStudioVersion = 17.4.33205.214
MinimumVisualStudioVersion = 10.0.40219.1
Project("{9A19103F-16F7-4668-BE54-9A1E7A4F7556}") = "CandyUtilities", "CandyUtilities.csproj", "{7122BB22-B6EF-48C8-AFCA-10BA1A62EA0F}"
EndProject
Global
	GlobalSection(SolutionConfigurationPlatforms) = preSolution
		Debug|Any CPU = Debug|Any CPU
		Release|Any CPU = Release|Any CPU
	EndGlobalSection
	GlobalSection(ProjectConfigurationPlatforms) = postSolution
		{7122BB22-B6EF-48C8-AFCA-10BA1A62EA0F}.Debug|Any CPU.ActiveCfg = Debug|Any CPU
		{7122BB22-B6EF-48C8-AFCA-10BA1A62EA0F}.Debug|Any CPU.Build.0 = Debug|Any CPU
		{7122BB22-B6EF-48C8-AFCA-10BA1A62EA0F}.Release|Any CPU.ActiveCfg = Release|Any CPU
		{7122BB22-B6EF-48C8-AFCA-10BA1A62EA0F}.Release|Any CPU.Build.0 = Release|Any CPU
	EndGlobalSection
	GlobalSection(SolutionProperties) = preSolution
		HideSolutionNode = FALSE
	EndGlobalSection
	GlobalSection(ExtensibilityGlobals) = postSolution
		SolutionGuid = {3ED7BBD3-D823-4700-A47F-F7E4B36F6E3B}
	EndGlobalSection
EndGlobal
